// !$*UTF8*$!
{
	archiveVersion = 1;
	classes = {
	};
	objectVersion = 56;
	objects = {

/* Begin PBXBuildFile section */
		A1423DCB2B2102D900418A10 /* AppDelegate.swift in Sources */ = {isa = PBXBuildFile; fileRef = A1423DCA2B2102D900418A10 /* AppDelegate.swift */; };
		A1423DCD2B2102D900418A10 /* SceneDelegate.swift in Sources */ = {isa = PBXBuildFile; fileRef = A1423DCC2B2102D900418A10 /* SceneDelegate.swift */; };
		A1423DCF2B2102D900418A10 /* ViewController.swift in Sources */ = {isa = PBXBuildFile; fileRef = A1423DCE2B2102D900418A10 /* ViewController.swift */; };
		A1423DD22B2102D900418A10 /* Main.storyboard in Resources */ = {isa = PBXBuildFile; fileRef = A1423DD02B2102D900418A10 /* Main.storyboard */; };
		A1423DD42B2102DA00418A10 /* Assets.xcassets in Resources */ = {isa = PBXBuildFile; fileRef = A1423DD32B2102DA00418A10 /* Assets.xcassets */; };
		A1423DD72B2102DA00418A10 /* LaunchScreen.storyboard in Resources */ = {isa = PBXBuildFile; fileRef = A1423DD52B2102DA00418A10 /* LaunchScreen.storyboard */; };
		A1423DFE2B210C4B00418A10 /* nssl0049.jpg in Resources */ = {isa = PBXBuildFile; fileRef = A1423DF42B210C4B00418A10 /* nssl0049.jpg */; };
		A1423DFF2B210C4B00418A10 /* nssl0046.jpg in Resources */ = {isa = PBXBuildFile; fileRef = A1423DF52B210C4B00418A10 /* nssl0046.jpg */; };
		A1423E002B210C4B00418A10 /* nssl0091.jpg in Resources */ = {isa = PBXBuildFile; fileRef = A1423DF62B210C4B00418A10 /* nssl0091.jpg */; };
		A1423E012B210C4B00418A10 /* nssl0045.jpg in Resources */ = {isa = PBXBuildFile; fileRef = A1423DF72B210C4B00418A10 /* nssl0045.jpg */; };
		A1423E022B210C4B00418A10 /* nssl0051.jpg in Resources */ = {isa = PBXBuildFile; fileRef = A1423DF82B210C4B00418A10 /* nssl0051.jpg */; };
		A1423E032B210C4B00418A10 /* nssl0041.jpg in Resources */ = {isa = PBXBuildFile; fileRef = A1423DF92B210C4B00418A10 /* nssl0041.jpg */; };
		A1423E042B210C4B00418A10 /* nssl0042.jpg in Resources */ = {isa = PBXBuildFile; fileRef = A1423DFA2B210C4B00418A10 /* nssl0042.jpg */; };
		A1423E052B210C4B00418A10 /* nssl0043.jpg in Resources */ = {isa = PBXBuildFile; fileRef = A1423DFB2B210C4B00418A10 /* nssl0043.jpg */; };
		A1423E062B210C4B00418A10 /* nssl0033.jpg in Resources */ = {isa = PBXBuildFile; fileRef = A1423DFC2B210C4B00418A10 /* nssl0033.jpg */; };
		A1423E072B210C4B00418A10 /* nssl0034.jpg in Resources */ = {isa = PBXBuildFile; fileRef = A1423DFD2B210C4B00418A10 /* nssl0034.jpg */; };
/* End PBXBuildFile section */

/* Begin PBXFileReference section */
		A1423DC72B2102D900418A10 /* Storm Viewer.app */ = {isa = PBXFileReference; explicitFileType = wrapper.application; includeInIndex = 0; path = "Storm Viewer.app"; sourceTree = BUILT_PRODUCTS_DIR; };
		A1423DCA2B2102D900418A10 /* AppDelegate.swift */ = {isa = PBXFileReference; lastKnownFileType = sourcecode.swift; path = AppDelegate.swift; sourceTree = "<group>"; };
		A1423DCC2B2102D900418A10 /* SceneDelegate.swift */ = {isa = PBXFileReference; lastKnownFileType = sourcecode.swift; path = SceneDelegate.swift; sourceTree = "<group>"; };
		A1423DCE2B2102D900418A10 /* ViewController.swift */ = {isa = PBXFileReference; lastKnownFileType = sourcecode.swift; path = ViewController.swift; sourceTree = "<group>"; };
		A1423DD12B2102D900418A10 /* Base */ = {isa = PBXFileReference; lastKnownFileType = file.storyboard; name = Base; path = Base.lproj/Main.storyboard; sourceTree = "<group>"; };
		A1423DD32B2102DA00418A10 /* Assets.xcassets */ = {isa = PBXFileReference; lastKnownFileType = folder.assetcatalog; path = Assets.xcassets; sourceTree = "<group>"; };
		A1423DD62B2102DA00418A10 /* Base */ = {isa = PBXFileReference; lastKnownFileType = file.storyboard; name = Base; path = Base.lproj/LaunchScreen.storyboard; sourceTree = "<group>"; };
		A1423DD82B2102DA00418A10 /* Info.plist */ = {isa = PBXFileReference; lastKnownFileType = text.plist.xml; path = Info.plist; sourceTree = "<group>"; };
		A1423DF42B210C4B00418A10 /* nssl0049.jpg */ = {isa = PBXFileReference; lastKnownFileType = image.jpeg; path = nssl0049.jpg; sourceTree = "<group>"; };
		A1423DF52B210C4B00418A10 /* nssl0046.jpg */ = {isa = PBXFileReference; lastKnownFileType = image.jpeg; path = nssl0046.jpg; sourceTree = "<group>"; };
		A1423DF62B210C4B00418A10 /* nssl0091.jpg */ = {isa = PBXFileReference; lastKnownFileType = image.jpeg; path = nssl0091.jpg; sourceTree = "<group>"; };
		A1423DF72B210C4B00418A10 /* nssl0045.jpg */ = {isa = PBXFileReference; lastKnownFileType = image.jpeg; path = nssl0045.jpg; sourceTree = "<group>"; };
		A1423DF82B210C4B00418A10 /* nssl0051.jpg */ = {isa = PBXFileReference; lastKnownFileType = image.jpeg; path = nssl0051.jpg; sourceTree = "<group>"; };
		A1423DF92B210C4B00418A10 /* nssl0041.jpg */ = {isa = PBXFileReference; lastKnownFileType = image.jpeg; path = nssl0041.jpg; sourceTree = "<group>"; };
		A1423DFA2B210C4B00418A10 /* nssl0042.jpg */ = {isa = PBXFileReference; lastKnownFileType = image.jpeg; path = nssl0042.jpg; sourceTree = "<group>"; };
		A1423DFB2B210C4B00418A10 /* nssl0043.jpg */ = {isa = PBXFileReference; lastKnownFileType = image.jpeg; path = nssl0043.jpg; sourceTree = "<group>"; };
		A1423DFC2B210C4B00418A10 /* nssl0033.jpg */ = {isa = PBXFileReference; lastKnownFileType = image.jpeg; path = nssl0033.jpg; sourceTree = "<group>"; };
		A1423DFD2B210C4B00418A10 /* nssl0034.jpg */ = {isa = PBXFileReference; lastKnownFileType = image.jpeg; path = nssl0034.jpg; sourceTree = "<group>"; };
/* End PBXFileReference section */

/* Begin PBXFrameworksBuildPhase section */
		A1423DC42B2102D900418A10 /* Frameworks */ = {
			isa = PBXFrameworksBuildPhase;
			buildActionMask = 2147483647;
			files = (
			);
			runOnlyForDeploymentPostprocessing = 0;
		};
/* End PBXFrameworksBuildPhase section */

/* Begin PBXGroup section */
		A1423DBE2B2102D900418A10 = {
			isa = PBXGroup;
			children = (
				A1423DC92B2102D900418A10 /* Storm Viewer */,
				A1423DC82B2102D900418A10 /* Products */,
			);
			sourceTree = "<group>";
		};
		A1423DC82B2102D900418A10 /* Products */ = {
			isa = PBXGroup;
			children = (
				A1423DC72B2102D900418A10 /* Storm Viewer.app */,
			);
			name = Products;
			sourceTree = "<group>";
		};
		A1423DC92B2102D900418A10 /* Storm Viewer */ = {
			isa = PBXGroup;
			children = (
				A1423DCA2B2102D900418A10 /* AppDelegate.swift */,
				A1423DCC2B2102D900418A10 /* SceneDelegate.swift */,
				A1423DCE2B2102D900418A10 /* ViewController.swift */,
				A1423DD02B2102D900418A10 /* Main.storyboard */,
				A1423DD32B2102DA00418A10 /* Assets.xcassets */,
				A1423DD52B2102DA00418A10 /* LaunchScreen.storyboard */,
				A1423DD82B2102DA00418A10 /* Info.plist */,
				A1423DF32B210C4B00418A10 /* Content */,
			);
			path = "Storm Viewer";
			sourceTree = "<group>";
		};
		A1423DF32B210C4B00418A10 /* Content */ = {
			isa = PBXGroup;
			children = (
				A1423DF42B210C4B00418A10 /* nssl0049.jpg */,
				A1423DF52B210C4B00418A10 /* nssl0046.jpg */,
				A1423DF62B210C4B00418A10 /* nssl0091.jpg */,
				A1423DF72B210C4B00418A10 /* nssl0045.jpg */,
				A1423DF82B210C4B00418A10 /* nssl0051.jpg */,
				A1423DF92B210C4B00418A10 /* nssl0041.jpg */,
				A1423DFA2B210C4B00418A10 /* nssl0042.jpg */,
				A1423DFB2B210C4B00418A10 /* nssl0043.jpg */,
				A1423DFC2B210C4B00418A10 /* nssl0033.jpg */,
				A1423DFD2B210C4B00418A10 /* nssl0034.jpg */,
			);
			name = Content;
			path = "../../../../../../Desktop/HackingWithSwift-main/Classic/project1-files/Content";
			sourceTree = "<group>";
		};
/* End PBXGroup section */

/* Begin PBXNativeTarget section */
		A1423DC62B2102D900418A10 /* Storm Viewer */ = {
			isa = PBXNativeTarget;
			buildConfigurationList = A1423DDB2B2102DA00418A10 /* Build configuration list for PBXNativeTarget "Storm Viewer" */;
			buildPhases = (
				A1423DC32B2102D900418A10 /* Sources */,
				A1423DC42B2102D900418A10 /* Frameworks */,
				A1423DC52B2102D900418A10 /* Resources */,
			);
			buildRules = (
			);
			dependencies = (
			);
			name = "Storm Viewer";
			productName = "Storm Viewer";
			productReference = A1423DC72B2102D900418A10 /* Storm Viewer.app */;
			productType = "com.apple.product-type.application";
		};
/* End PBXNativeTarget section */

/* Begin PBXProject section */
		A1423DBF2B2102D900418A10 /* Project object */ = {
			isa = PBXProject;
			attributes = {
				BuildIndependentTargetsInParallel = 1;
				LastSwiftUpdateCheck = 1500;
				LastUpgradeCheck = 1500;
				TargetAttributes = {
					A1423DC62B2102D900418A10 = {
						CreatedOnToolsVersion = 15.0.1;
					};
				};
			};
			buildConfigurationList = A1423DC22B2102D900418A10 /* Build configuration list for PBXProject "Storm Viewer" */;
			compatibilityVersion = "Xcode 14.0";
			developmentRegion = en;
			hasScannedForEncodings = 0;
			knownRegions = (
				en,
				Base,
			);
			mainGroup = A1423DBE2B2102D900418A10;
			productRefGroup = A1423DC82B2102D900418A10 /* Products */;
			projectDirPath = "";
			projectRoot = "";
			targets = (
				A1423DC62B2102D900418A10 /* Storm Viewer */,
			);
		};
/* End PBXProject section */

/* Begin PBXResourcesBuildPhase section */
		A1423DC52B2102D900418A10 /* Resources */ = {
			isa = PBXResourcesBuildPhase;
			buildActionMask = 2147483647;
			files = (
				A1423DFF2B210C4B00418A10 /* nssl0046.jpg in Resources */,
				A1423E062B210C4B00418A10 /* nssl0033.jpg in Resources */,
				A1423E022B210C4B00418A10 /* nssl0051.jpg in Resources */,
				A1423E002B210C4B00418A10 /* nssl0091.jpg in Resources */,
				A1423E052B210C4B00418A10 /* nssl0043.jpg in Resources */,
				A1423E072B210C4B00418A10 /* nssl0034.jpg in Resources */,
				A1423DFE2B210C4B00418A10 /* nssl0049.jpg in Resources */,
				A1423E032B210C4B00418A10 /* nssl0041.jpg in Resources */,
				A1423E042B210C4B00418A10 /* nssl0042.jpg in Resources */,
				A1423DD72B2102DA00418A10 /* LaunchScreen.storyboard in Resources */,
				A1423DD42B2102DA00418A10 /* Assets.xcassets in Resources */,
				A1423E012B210C4B00418A10 /* nssl0045.jpg in Resources */,
				A1423DD22B2102D900418A10 /* Main.storyboard in Resources */,
			);
			runOnlyForDeploymentPostprocessing = 0;
		};
/* End PBXResourcesBuildPhase section */

/* Begin PBXSourcesBuildPhase section */
		A1423DC32B2102D900418A10 /* Sources */ = {
			isa = PBXSourcesBuildPhase;
			buildActionMask = 2147483647;
			files = (
				A1423DCF2B2102D900418A10 /* ViewController.swift in Sources */,
				A1423DCB2B2102D900418A10 /* AppDelegate.swift in Sources */,
				A1423DCD2B2102D900418A10 /* SceneDelegate.swift in Sources */,
			);
			runOnlyForDeploymentPostprocessing = 0;
		};
/* End PBXSourcesBuildPhase section */

/* Begin PBXVariantGroup section */
		A1423DD02B2102D900418A10 /* Main.storyboard */ = {
			isa = PBXVariantGroup;
			children = (
				A1423DD12B2102D900418A10 /* Base */,
			);
			name = Main.storyboard;
			sourceTree = "<group>";
		};
		A1423DD52B2102DA00418A10 /* LaunchScreen.storyboard */ = {
			isa = PBXVariantGroup;
			children = (
				A1423DD62B2102DA00418A10 /* Base */,
			);
			name = LaunchScreen.storyboard;
			sourceTree = "<group>";
		};
/* End PBXVariantGroup section */

/* Begin XCBuildConfiguration section */
		A1423DD92B2102DA00418A10 /* Debug */ = {
			isa = XCBuildConfiguration;
			buildSettings = {
				ALWAYS_SEARCH_USER_PATHS = NO;
				ASSETCATALOG_COMPILER_GENERATE_SWIFT_ASSET_SYMBOL_EXTENSIONS = YES;
				CLANG_ANALYZER_NONNULL = YES;
				CLANG_ANALYZER_NUMBER_OBJECT_CONVERSION = YES_AGGRESSIVE;
				CLANG_CXX_LANGUAGE_STANDARD = "gnu++20";
				CLANG_ENABLE_MODULES = YES;
				CLANG_ENABLE_OBJC_ARC = YES;
				CLANG_ENABLE_OBJC_WEAK = YES;
				CLANG_WARN_BLOCK_CAPTURE_AUTORELEASING = YES;
				CLANG_WARN_BOOL_CONVERSION = YES;
				CLANG_WARN_COMMA = YES;
				CLANG_WARN_CONSTANT_CONVERSION = YES;
				CLANG_WARN_DEPRECATED_OBJC_IMPLEMENTATIONS = YES;
				CLANG_WARN_DIRECT_OBJC_ISA_USAGE = YES_ERROR;
				CLANG_WARN_DOCUMENTATION_COMMENTS = YES;
				CLANG_WARN_EMPTY_BODY = YES;
				CLANG_WARN_ENUM_CONVERSION = YES;
				CLANG_WARN_INFINITE_RECURSION = YES;
				CLANG_WARN_INT_CONVERSION = YES;
				CLANG_WARN_NON_LITERAL_NULL_CONVERSION = YES;
				CLANG_WARN_OBJC_IMPLICIT_RETAIN_SELF = YES;
				CLANG_WARN_OBJC_LITERAL_CONVERSION = YES;
				CLANG_WARN_OBJC_ROOT_CLASS = YES_ERROR;
				CLANG_WARN_QUOTED_INCLUDE_IN_FRAMEWORK_HEADER = YES;
				CLANG_WARN_RANGE_LOOP_ANALYSIS = YES;
				CLANG_WARN_STRICT_PROTOTYPES = YES;
				CLANG_WARN_SUSPICIOUS_MOVE = YES;
				CLANG_WARN_UNGUARDED_AVAILABILITY = YES_AGGRESSIVE;
				CLANG_WARN_UNREACHABLE_CODE = YES;
				CLANG_WARN__DUPLICATE_METHOD_MATCH = YES;
				COPY_PHASE_STRIP = NO;
				DEBUG_INFORMATION_FORMAT = dwarf;
				ENABLE_STRICT_OBJC_MSGSEND = YES;
				ENABLE_TESTABILITY = YES;
				ENABLE_USER_SCRIPT_SANDBOXING = YES;
				GCC_C_LANGUAGE_STANDARD = gnu17;
				GCC_DYNAMIC_NO_PIC = NO;
				GCC_NO_COMMON_BLOCKS = YES;
				GCC_OPTIMIZATION_LEVEL = 0;
				GCC_PREPROCESSOR_DEFINITIONS = (
					"DEBUG=1",
					"$(inherited)",
				);
				GCC_WARN_64_TO_32_BIT_CONVERSION = YES;
				GCC_WARN_ABOUT_RETURN_TYPE = YES_ERROR;
				GCC_WARN_UNDECLARED_SELECTOR = YES;
				GCC_WARN_UNINITIALIZED_AUTOS = YES_AGGRESSIVE;
				GCC_WARN_UNUSED_FUNCTION = YES;
				GCC_WARN_UNUSED_VARIABLE = YES;
				IPHONEOS_DEPLOYMENT_TARGET = 17.0;
				LOCALIZATION_PREFERS_STRING_CATALOGS = YES;
				MTL_ENABLE_DEBUG_INFO = INCLUDE_SOURCE;
				MTL_FAST_MATH = YES;
				ONLY_ACTIVE_ARCH = YES;
				SDKROOT = iphoneos;
				SWIFT_ACTIVE_COMPILATION_CONDITIONS = "DEBUG $(inherited)";
				SWIFT_OPTIMIZATION_LEVEL = "-Onone";
			};
			name = Debug;
		};
		A1423DDA2B2102DA00418A10 /* Release */ = {
			isa = XCBuildConfiguration;
			buildSettings = {
				ALWAYS_SEARCH_USER_PATHS = NO;
				ASSETCATALOG_COMPILER_GENERATE_SWIFT_ASSET_SYMBOL_EXTENSIONS = YES;
				CLANG_ANALYZER_NONNULL = YES;
				CLANG_ANALYZER_NUMBER_OBJECT_CONVERSION = YES_AGGRESSIVE;
				CLANG_CXX_LANGUAGE_STANDARD = "gnu++20";
				CLANG_ENABLE_MODULES = YES;
				CLANG_ENABLE_OBJC_ARC = YES;
				CLANG_ENABLE_OBJC_WEAK = YES;
				CLANG_WARN_BLOCK_CAPTURE_AUTORELEASING = YES;
				CLANG_WARN_BOOL_CONVERSION = YES;
				CLANG_WARN_COMMA = YES;
				CLANG_WARN_CONSTANT_CONVERSION = YES;
				CLANG_WARN_DEPRECATED_OBJC_IMPLEMENTATIONS = YES;
				CLANG_WARN_DIRECT_OBJC_ISA_USAGE = YES_ERROR;
				CLANG_WARN_DOCUMENTATION_COMMENTS = YES;
				CLANG_WARN_EMPTY_BODY = YES;
				CLANG_WARN_ENUM_CONVERSION = YES;
				CLANG_WARN_INFINITE_RECURSION = YES;
				CLANG_WARN_INT_CONVERSION = YES;
				CLANG_WARN_NON_LITERAL_NULL_CONVERSION = YES;
				CLANG_WARN_OBJC_IMPLICIT_RETAIN_SELF = YES;
				CLANG_WARN_OBJC_LITERAL_CONVERSION = YES;
				CLANG_WARN_OBJC_ROOT_CLASS = YES_ERROR;
				CLANG_WARN_QUOTED_INCLUDE_IN_FRAMEWORK_HEADER = YES;
				CLANG_WARN_RANGE_LOOP_ANALYSIS = YES;
				CLANG_WARN_STRICT_PROTOTYPES = YES;
				CLANG_WARN_SUSPICIOUS_MOVE = YES;
				CLANG_WARN_UNGUARDED_AVAILABILITY = YES_AGGRESSIVE;
				CLANG_WARN_UNREACHABLE_CODE = YES;
				CLANG_WARN__DUPLICATE_METHOD_MATCH = YES;
				COPY_PHASE_STRIP = NO;
				DEBUG_INFORMATION_FORMAT = "dwarf-with-dsym";
				ENABLE_NS_ASSERTIONS = NO;
				ENABLE_STRICT_OBJC_MSGSEND = YES;
				ENABLE_USER_SCRIPT_SANDBOXING = YES;
				GCC_C_LANGUAGE_STANDARD = gnu17;
				GCC_NO_COMMON_BLOCKS = YES;
				GCC_WARN_64_TO_32_BIT_CONVERSION = YES;
				GCC_WARN_ABOUT_RETURN_TYPE = YES_ERROR;
				GCC_WARN_UNDECLARED_SELECTOR = YES;
				GCC_WARN_UNINITIALIZED_AUTOS = YES_AGGRESSIVE;
				GCC_WARN_UNUSED_FUNCTION = YES;
				GCC_WARN_UNUSED_VARIABLE = YES;
				IPHONEOS_DEPLOYMENT_TARGET = 17.0;
				LOCALIZATION_PREFERS_STRING_CATALOGS = YES;
				MTL_ENABLE_DEBUG_INFO = NO;
				MTL_FAST_MATH = YES;
				SDKROOT = iphoneos;
				SWIFT_COMPILATION_MODE = wholemodule;
				VALIDATE_PRODUCT = YES;
			};
			name = Release;
		};
		A1423DDC2B2102DA00418A10 /* Debug */ = {
			isa = XCBuildConfiguration;
			buildSettings = {
				ASSETCATALOG_COMPILER_APPICON_NAME = AppIcon;
				ASSETCATALOG_COMPILER_GLOBAL_ACCENT_COLOR_NAME = AccentColor;
				CODE_SIGN_STYLE = Automatic;
				CURRENT_PROJECT_VERSION = 1;
				DEVELOPMENT_TEAM = 7243FC7PX2;
				GENERATE_INFOPLIST_FILE = YES;
				INFOPLIST_FILE = "Storm Viewer/Info.plist";
				INFOPLIST_KEY_UIApplicationSupportsIndirectInputEvents = YES;
				INFOPLIST_KEY_UILaunchStoryboardName = LaunchScreen;
				INFOPLIST_KEY_UIMainStoryboardFile = Main;
				INFOPLIST_KEY_UISupportedInterfaceOrientations_iPad = "UIInterfaceOrientationPortrait UIInterfaceOrientationPortraitUpsideDown UIInterfaceOrientationLandscapeLeft UIInterfaceOrientationLandscapeRight";
				INFOPLIST_KEY_UISupportedInterfaceOrientations_iPhone = "UIInterfaceOrientationPortrait UIInterfaceOrientationLandscapeLeft UIInterfaceOrientationLandscapeRight";
				LD_RUNPATH_SEARCH_PATHS = (
					"$(inherited)",
					"@executable_path/Frameworks",
				);
				MARKETING_VERSION = 1.0;
				PRODUCT_BUNDLE_IDENTIFIER = "com.burak.Storm-Viewer";
				PRODUCT_NAME = "$(TARGET_NAME)";
				SWIFT_EMIT_LOC_STRINGS = YES;
				SWIFT_VERSION = 5.0;
				TARGETED_DEVICE_FAMILY = "1,2";
			};
			name = Debug;
		};
		A1423DDD2B2102DA00418A10 /* Release */ = {
			isa = XCBuildConfiguration;
			buildSettings = {
				ASSETCATALOG_COMPILER_APPICON_NAME = AppIcon;
				ASSETCATALOG_COMPILER_GLOBAL_ACCENT_COLOR_NAME = AccentColor;
				CODE_SIGN_STYLE = Automatic;
				CURRENT_PROJECT_VERSION = 1;
				DEVELOPMENT_TEAM = 7243FC7PX2;
				GENERATE_INFOPLIST_FILE = YES;
				INFOPLIST_FILE = "Storm Viewer/Info.plist";
				INFOPLIST_KEY_UIApplicationSupportsIndirectInputEvents = YES;
				INFOPLIST_KEY_UILaunchStoryboardName = LaunchScreen;
				INFOPLIST_KEY_UIMainStoryboardFile = Main;
				INFOPLIST_KEY_UISupportedInterfaceOrientations_iPad = "UIInterfaceOrientationPortrait UIInterfaceOrientationPortraitUpsideDown UIInterfaceOrientationLandscapeLeft UIInterfaceOrientationLandscapeRight";
				INFOPLIST_KEY_UISupportedInterfaceOrientations_iPhone = "UIInterfaceOrientationPortrait UIInterfaceOrientationLandscapeLeft UIInterfaceOrientationLandscapeRight";
				LD_RUNPATH_SEARCH_PATHS = (
					"$(inherited)",
					"@executable_path/Frameworks",
				);
				MARKETING_VERSION = 1.0;
				PRODUCT_BUNDLE_IDENTIFIER = "com.burak.Storm-Viewer";
				PRODUCT_NAME = "$(TARGET_NAME)";
				SWIFT_EMIT_LOC_STRINGS = YES;
				SWIFT_VERSION = 5.0;
				TARGETED_DEVICE_FAMILY = "1,2";
			};
			name = Release;
		};
/* End XCBuildConfiguration section */

/* Begin XCConfigurationList section */
		A1423DC22B2102D900418A10 /* Build configuration list for PBXProject "Storm Viewer" */ = {
			isa = XCConfigurationList;
			buildConfigurations = (
				A1423DD92B2102DA00418A10 /* Debug */,
				A1423DDA2B2102DA00418A10 /* Release */,
			);
			defaultConfigurationIsVisible = 0;
			defaultConfigurationName = Release;
		};
		A1423DDB2B2102DA00418A10 /* Build configuration list for PBXNativeTarget "Storm Viewer" */ = {
			isa = XCConfigurationList;
			buildConfigurations = (
				A1423DDC2B2102DA00418A10 /* Debug */,
				A1423DDD2B2102DA00418A10 /* Release */,
			);
			defaultConfigurationIsVisible = 0;
			defaultConfigurationName = Release;
		};
/* End XCConfigurationList section */
	};
	rootObject = A1423DBF2B2102D900418A10 /* Project object */;
}
